// !$*UTF8*$!
{
	archiveVersion = 1;
	classes = {
	};
	objectVersion = 50;
	objects = {

/* Begin PBXBuildFile section */
		15199D27D14FA000580FC6EC /* Pods_CalculatorDemoIOS.framework in Frameworks */ = {isa = PBXBuildFile; fileRef = 1CF8F6050062859273E10F0A /* Pods_CalculatorDemoIOS.framework */; };
		207EBC237C9E7B8F7CBDA2DD /* Pods_CalculatorDemoIOSTests.framework in Frameworks */ = {isa = PBXBuildFile; fileRef = 958B178B6DE0D2367666987F /* Pods_CalculatorDemoIOSTests.framework */; };
		DC38C97F73BA858A01CAC51B /* Pods_CalculatorDemoIOS_CalculatorDemoIOSUITests.framework in Frameworks */ = {isa = PBXBuildFile; fileRef = 2086BB687A459646DF1F5901 /* Pods_CalculatorDemoIOS_CalculatorDemoIOSUITests.framework */; };
		FF72486D2615FC5800FE1675 /* AppDelegate.swift in Sources */ = {isa = PBXBuildFile; fileRef = FF72486C2615FC5800FE1675 /* AppDelegate.swift */; };
		FF72486F2615FC5800FE1675 /* SceneDelegate.swift in Sources */ = {isa = PBXBuildFile; fileRef = FF72486E2615FC5800FE1675 /* SceneDelegate.swift */; };
		FF7248712615FC5800FE1675 /* ViewController.swift in Sources */ = {isa = PBXBuildFile; fileRef = FF7248702615FC5800FE1675 /* ViewController.swift */; };
		FF7248742615FC5800FE1675 /* Main.storyboard in Resources */ = {isa = PBXBuildFile; fileRef = FF7248722615FC5800FE1675 /* Main.storyboard */; };
		FF7248762615FC5B00FE1675 /* Assets.xcassets in Resources */ = {isa = PBXBuildFile; fileRef = FF7248752615FC5B00FE1675 /* Assets.xcassets */; };
		FF7248792615FC5B00FE1675 /* LaunchScreen.storyboard in Resources */ = {isa = PBXBuildFile; fileRef = FF7248772615FC5B00FE1675 /* LaunchScreen.storyboard */; };
		FF7248842615FC5B00FE1675 /* CalculatorDemoIOSTests.swift in Sources */ = {isa = PBXBuildFile; fileRef = FF7248832615FC5B00FE1675 /* CalculatorDemoIOSTests.swift */; };
		FF72488F2615FC5B00FE1675 /* CalculatorDemoIOSUITests.swift in Sources */ = {isa = PBXBuildFile; fileRef = FF72488E2615FC5B00FE1675 /* CalculatorDemoIOSUITests.swift */; };
/* End PBXBuildFile section */

/* Begin PBXContainerItemProxy section */
		FF7248802615FC5B00FE1675 /* PBXContainerItemProxy */ = {
			isa = PBXContainerItemProxy;
			containerPortal = FF7248612615FC5800FE1675 /* Project object */;
			proxyType = 1;
			remoteGlobalIDString = FF7248682615FC5800FE1675;
			remoteInfo = CalculatorDemoIOS;
		};
		FF72488B2615FC5B00FE1675 /* PBXContainerItemProxy */ = {
			isa = PBXContainerItemProxy;
			containerPortal = FF7248612615FC5800FE1675 /* Project object */;
			proxyType = 1;
			remoteGlobalIDString = FF7248682615FC5800FE1675;
			remoteInfo = CalculatorDemoIOS;
		};
/* End PBXContainerItemProxy section */

/* Begin PBXFileReference section */
		1CF8F6050062859273E10F0A /* Pods_CalculatorDemoIOS.framework */ = {isa = PBXFileReference; explicitFileType = wrapper.framework; includeInIndex = 0; path = Pods_CalculatorDemoIOS.framework; sourceTree = BUILT_PRODUCTS_DIR; };
		2086BB687A459646DF1F5901 /* Pods_CalculatorDemoIOS_CalculatorDemoIOSUITests.framework */ = {isa = PBXFileReference; explicitFileType = wrapper.framework; includeInIndex = 0; path = Pods_CalculatorDemoIOS_CalculatorDemoIOSUITests.framework; sourceTree = BUILT_PRODUCTS_DIR; };
		362E40FE3EDC02A3C4AB4769 /* Pods-CalculatorDemoIOS-CalculatorDemoIOSUITests.release.xcconfig */ = {isa = PBXFileReference; includeInIndex = 1; lastKnownFileType = text.xcconfig; name = "Pods-CalculatorDemoIOS-CalculatorDemoIOSUITests.release.xcconfig"; path = "Target Support Files/Pods-CalculatorDemoIOS-CalculatorDemoIOSUITests/Pods-CalculatorDemoIOS-CalculatorDemoIOSUITests.release.xcconfig"; sourceTree = "<group>"; };
		41AFE4DC8934EA720ADCA57B /* Pods-CalculatorDemoIOS.release.xcconfig */ = {isa = PBXFileReference; includeInIndex = 1; lastKnownFileType = text.xcconfig; name = "Pods-CalculatorDemoIOS.release.xcconfig"; path = "Target Support Files/Pods-CalculatorDemoIOS/Pods-CalculatorDemoIOS.release.xcconfig"; sourceTree = "<group>"; };
		70C3C4F700052C41119B7B5B /* Pods-CalculatorDemoIOS-CalculatorDemoIOSUITests.debug.xcconfig */ = {isa = PBXFileReference; includeInIndex = 1; lastKnownFileType = text.xcconfig; name = "Pods-CalculatorDemoIOS-CalculatorDemoIOSUITests.debug.xcconfig"; path = "Target Support Files/Pods-CalculatorDemoIOS-CalculatorDemoIOSUITests/Pods-CalculatorDemoIOS-CalculatorDemoIOSUITests.debug.xcconfig"; sourceTree = "<group>"; };
		838DE201071D75E4DF772012 /* Pods-CalculatorDemoIOSTests.release.xcconfig */ = {isa = PBXFileReference; includeInIndex = 1; lastKnownFileType = text.xcconfig; name = "Pods-CalculatorDemoIOSTests.release.xcconfig"; path = "Target Support Files/Pods-CalculatorDemoIOSTests/Pods-CalculatorDemoIOSTests.release.xcconfig"; sourceTree = "<group>"; };
		958B178B6DE0D2367666987F /* Pods_CalculatorDemoIOSTests.framework */ = {isa = PBXFileReference; explicitFileType = wrapper.framework; includeInIndex = 0; path = Pods_CalculatorDemoIOSTests.framework; sourceTree = BUILT_PRODUCTS_DIR; };
		F3763E4B1DA462CBE708F3C2 /* Pods-CalculatorDemoIOS.debug.xcconfig */ = {isa = PBXFileReference; includeInIndex = 1; lastKnownFileType = text.xcconfig; name = "Pods-CalculatorDemoIOS.debug.xcconfig"; path = "Target Support Files/Pods-CalculatorDemoIOS/Pods-CalculatorDemoIOS.debug.xcconfig"; sourceTree = "<group>"; };
		F4EC5C7291C6D941214A9555 /* Pods-CalculatorDemoIOSTests.debug.xcconfig */ = {isa = PBXFileReference; includeInIndex = 1; lastKnownFileType = text.xcconfig; name = "Pods-CalculatorDemoIOSTests.debug.xcconfig"; path = "Target Support Files/Pods-CalculatorDemoIOSTests/Pods-CalculatorDemoIOSTests.debug.xcconfig"; sourceTree = "<group>"; };
		FF7248692615FC5800FE1675 /* CalculatorDemoIOS.app */ = {isa = PBXFileReference; explicitFileType = wrapper.application; includeInIndex = 0; path = CalculatorDemoIOS.app; sourceTree = BUILT_PRODUCTS_DIR; };
		FF72486C2615FC5800FE1675 /* AppDelegate.swift */ = {isa = PBXFileReference; lastKnownFileType = sourcecode.swift; path = AppDelegate.swift; sourceTree = "<group>"; };
		FF72486E2615FC5800FE1675 /* SceneDelegate.swift */ = {isa = PBXFileReference; lastKnownFileType = sourcecode.swift; path = SceneDelegate.swift; sourceTree = "<group>"; };
		FF7248702615FC5800FE1675 /* ViewController.swift */ = {isa = PBXFileReference; lastKnownFileType = sourcecode.swift; path = ViewController.swift; sourceTree = "<group>"; };
		FF7248732615FC5800FE1675 /* Base */ = {isa = PBXFileReference; lastKnownFileType = file.storyboard; name = Base; path = Base.lproj/Main.storyboard; sourceTree = "<group>"; };
		FF7248752615FC5B00FE1675 /* Assets.xcassets */ = {isa = PBXFileReference; lastKnownFileType = folder.assetcatalog; path = Assets.xcassets; sourceTree = "<group>"; };
		FF7248782615FC5B00FE1675 /* Base */ = {isa = PBXFileReference; lastKnownFileType = file.storyboard; name = Base; path = Base.lproj/LaunchScreen.storyboard; sourceTree = "<group>"; };
		FF72487A2615FC5B00FE1675 /* Info.plist */ = {isa = PBXFileReference; lastKnownFileType = text.plist.xml; path = Info.plist; sourceTree = "<group>"; };
		FF72487F2615FC5B00FE1675 /* CalculatorDemoIOSTests.xctest */ = {isa = PBXFileReference; explicitFileType = wrapper.cfbundle; includeInIndex = 0; path = CalculatorDemoIOSTests.xctest; sourceTree = BUILT_PRODUCTS_DIR; };
		FF7248832615FC5B00FE1675 /* CalculatorDemoIOSTests.swift */ = {isa = PBXFileReference; lastKnownFileType = sourcecode.swift; path = CalculatorDemoIOSTests.swift; sourceTree = "<group>"; };
		FF7248852615FC5B00FE1675 /* Info.plist */ = {isa = PBXFileReference; lastKnownFileType = text.plist.xml; path = Info.plist; sourceTree = "<group>"; };
		FF72488A2615FC5B00FE1675 /* CalculatorDemoIOSUITests.xctest */ = {isa = PBXFileReference; explicitFileType = wrapper.cfbundle; includeInIndex = 0; path = CalculatorDemoIOSUITests.xctest; sourceTree = BUILT_PRODUCTS_DIR; };
		FF72488E2615FC5B00FE1675 /* CalculatorDemoIOSUITests.swift */ = {isa = PBXFileReference; lastKnownFileType = sourcecode.swift; path = CalculatorDemoIOSUITests.swift; sourceTree = "<group>"; };
		FF7248902615FC5B00FE1675 /* Info.plist */ = {isa = PBXFileReference; lastKnownFileType = text.plist.xml; path = Info.plist; sourceTree = "<group>"; };
/* End PBXFileReference section */

/* Begin PBXFrameworksBuildPhase section */
		FF7248662615FC5800FE1675 /* Frameworks */ = {
			isa = PBXFrameworksBuildPhase;
			buildActionMask = 2147483647;
			files = (
				15199D27D14FA000580FC6EC /* Pods_CalculatorDemoIOS.framework in Frameworks */,
			);
			runOnlyForDeploymentPostprocessing = 0;
		};
		FF72487C2615FC5B00FE1675 /* Frameworks */ = {
			isa = PBXFrameworksBuildPhase;
			buildActionMask = 2147483647;
			files = (
				207EBC237C9E7B8F7CBDA2DD /* Pods_CalculatorDemoIOSTests.framework in Frameworks */,
			);
			runOnlyForDeploymentPostprocessing = 0;
		};
		FF7248872615FC5B00FE1675 /* Frameworks */ = {
			isa = PBXFrameworksBuildPhase;
			buildActionMask = 2147483647;
			files = (
				DC38C97F73BA858A01CAC51B /* Pods_CalculatorDemoIOS_CalculatorDemoIOSUITests.framework in Frameworks */,
			);
			runOnlyForDeploymentPostprocessing = 0;
		};
/* End PBXFrameworksBuildPhase section */

/* Begin PBXGroup section */
		4C1B1C099E307D14DE5A80A0 /* Pods */ = {
			isa = PBXGroup;
			children = (
				F3763E4B1DA462CBE708F3C2 /* Pods-CalculatorDemoIOS.debug.xcconfig */,
				41AFE4DC8934EA720ADCA57B /* Pods-CalculatorDemoIOS.release.xcconfig */,
				70C3C4F700052C41119B7B5B /* Pods-CalculatorDemoIOS-CalculatorDemoIOSUITests.debug.xcconfig */,
				362E40FE3EDC02A3C4AB4769 /* Pods-CalculatorDemoIOS-CalculatorDemoIOSUITests.release.xcconfig */,
				F4EC5C7291C6D941214A9555 /* Pods-CalculatorDemoIOSTests.debug.xcconfig */,
				838DE201071D75E4DF772012 /* Pods-CalculatorDemoIOSTests.release.xcconfig */,
			);
			name = Pods;
			path = Pods;
			sourceTree = "<group>";
		};
		4D04C3037B136974973F0B8A /* Frameworks */ = {
			isa = PBXGroup;
			children = (
				1CF8F6050062859273E10F0A /* Pods_CalculatorDemoIOS.framework */,
				2086BB687A459646DF1F5901 /* Pods_CalculatorDemoIOS_CalculatorDemoIOSUITests.framework */,
				958B178B6DE0D2367666987F /* Pods_CalculatorDemoIOSTests.framework */,
			);
			name = Frameworks;
			sourceTree = "<group>";
		};
		FF7248602615FC5800FE1675 = {
			isa = PBXGroup;
			children = (
				FF72486B2615FC5800FE1675 /* CalculatorDemoIOS */,
				FF7248822615FC5B00FE1675 /* CalculatorDemoIOSTests */,
				FF72488D2615FC5B00FE1675 /* CalculatorDemoIOSUITests */,
				FF72486A2615FC5800FE1675 /* Products */,
				4C1B1C099E307D14DE5A80A0 /* Pods */,
				4D04C3037B136974973F0B8A /* Frameworks */,
			);
			sourceTree = "<group>";
		};
		FF72486A2615FC5800FE1675 /* Products */ = {
			isa = PBXGroup;
			children = (
				FF7248692615FC5800FE1675 /* CalculatorDemoIOS.app */,
				FF72487F2615FC5B00FE1675 /* CalculatorDemoIOSTests.xctest */,
				FF72488A2615FC5B00FE1675 /* CalculatorDemoIOSUITests.xctest */,
			);
			name = Products;
			sourceTree = "<group>";
		};
		FF72486B2615FC5800FE1675 /* CalculatorDemoIOS */ = {
			isa = PBXGroup;
			children = (
				FF72486C2615FC5800FE1675 /* AppDelegate.swift */,
				FF72486E2615FC5800FE1675 /* SceneDelegate.swift */,
				FF7248702615FC5800FE1675 /* ViewController.swift */,
				FF7248722615FC5800FE1675 /* Main.storyboard */,
				FF7248752615FC5B00FE1675 /* Assets.xcassets */,
				FF7248772615FC5B00FE1675 /* LaunchScreen.storyboard */,
				FF72487A2615FC5B00FE1675 /* Info.plist */,
			);
			path = CalculatorDemoIOS;
			sourceTree = "<group>";
		};
		FF7248822615FC5B00FE1675 /* CalculatorDemoIOSTests */ = {
			isa = PBXGroup;
			children = (
				FF7248832615FC5B00FE1675 /* CalculatorDemoIOSTests.swift */,
				FF7248852615FC5B00FE1675 /* Info.plist */,
			);
			path = CalculatorDemoIOSTests;
			sourceTree = "<group>";
		};
		FF72488D2615FC5B00FE1675 /* CalculatorDemoIOSUITests */ = {
			isa = PBXGroup;
			children = (
				FF72488E2615FC5B00FE1675 /* CalculatorDemoIOSUITests.swift */,
				FF7248902615FC5B00FE1675 /* Info.plist */,
			);
			path = CalculatorDemoIOSUITests;
			sourceTree = "<group>";
		};
/* End PBXGroup section */

/* Begin PBXNativeTarget section */
		FF7248682615FC5800FE1675 /* CalculatorDemoIOS */ = {
			isa = PBXNativeTarget;
			buildConfigurationList = FF7248932615FC5B00FE1675 /* Build configuration list for PBXNativeTarget "CalculatorDemoIOS" */;
			buildPhases = (
				453ADE2B335FD993E2045A3C /* [CP] Check Pods Manifest.lock */,
				FF7248652615FC5800FE1675 /* Sources */,
				FF7248662615FC5800FE1675 /* Frameworks */,
				FF7248672615FC5800FE1675 /* Resources */,
				E1A1AC7496F44CB2475D2256 /* [CP] Embed Pods Frameworks */,
			);
			buildRules = (
			);
			dependencies = (
			);
			name = CalculatorDemoIOS;
			productName = CalculatorDemoIOS;
			productReference = FF7248692615FC5800FE1675 /* CalculatorDemoIOS.app */;
			productType = "com.apple.product-type.application";
		};
		FF72487E2615FC5B00FE1675 /* CalculatorDemoIOSTests */ = {
			isa = PBXNativeTarget;
			buildConfigurationList = FF7248962615FC5B00FE1675 /* Build configuration list for PBXNativeTarget "CalculatorDemoIOSTests" */;
			buildPhases = (
				C4B003421515CF05D3B21DF7 /* [CP] Check Pods Manifest.lock */,
				FF72487B2615FC5B00FE1675 /* Sources */,
				FF72487C2615FC5B00FE1675 /* Frameworks */,
				FF72487D2615FC5B00FE1675 /* Resources */,
			);
			buildRules = (
			);
			dependencies = (
				FF7248812615FC5B00FE1675 /* PBXTargetDependency */,
			);
			name = CalculatorDemoIOSTests;
			productName = CalculatorDemoIOSTests;
			productReference = FF72487F2615FC5B00FE1675 /* CalculatorDemoIOSTests.xctest */;
			productType = "com.apple.product-type.bundle.unit-test";
		};
		FF7248892615FC5B00FE1675 /* CalculatorDemoIOSUITests */ = {
			isa = PBXNativeTarget;
			buildConfigurationList = FF7248992615FC5B00FE1675 /* Build configuration list for PBXNativeTarget "CalculatorDemoIOSUITests" */;
			buildPhases = (
				48E7B8E47F99125D1C3A6D99 /* [CP] Check Pods Manifest.lock */,
				FF7248862615FC5B00FE1675 /* Sources */,
				FF7248872615FC5B00FE1675 /* Frameworks */,
				FF7248882615FC5B00FE1675 /* Resources */,
				32A15B6B6EFE3A4E7071EC80 /* [CP] Embed Pods Frameworks */,
			);
			buildRules = (
			);
			dependencies = (
				FF72488C2615FC5B00FE1675 /* PBXTargetDependency */,
			);
			name = CalculatorDemoIOSUITests;
			productName = CalculatorDemoIOSUITests;
			productReference = FF72488A2615FC5B00FE1675 /* CalculatorDemoIOSUITests.xctest */;
			productType = "com.apple.product-type.bundle.ui-testing";
		};
/* End PBXNativeTarget section */

/* Begin PBXProject section */
		FF7248612615FC5800FE1675 /* Project object */ = {
			isa = PBXProject;
			attributes = {
				LastSwiftUpdateCheck = 1240;
				LastUpgradeCheck = 1240;
				TargetAttributes = {
					FF7248682615FC5800FE1675 = {
						CreatedOnToolsVersion = 12.4;
					};
					FF72487E2615FC5B00FE1675 = {
						CreatedOnToolsVersion = 12.4;
						TestTargetID = FF7248682615FC5800FE1675;
					};
					FF7248892615FC5B00FE1675 = {
						CreatedOnToolsVersion = 12.4;
						TestTargetID = FF7248682615FC5800FE1675;
					};
				};
			};
			buildConfigurationList = FF7248642615FC5800FE1675 /* Build configuration list for PBXProject "CalculatorDemoIOS" */;
			compatibilityVersion = "Xcode 9.3";
			developmentRegion = en;
			hasScannedForEncodings = 0;
			knownRegions = (
				en,
				Base,
			);
			mainGroup = FF7248602615FC5800FE1675;
			productRefGroup = FF72486A2615FC5800FE1675 /* Products */;
			projectDirPath = "";
			projectRoot = "";
			targets = (
				FF7248682615FC5800FE1675 /* CalculatorDemoIOS */,
				FF72487E2615FC5B00FE1675 /* CalculatorDemoIOSTests */,
				FF7248892615FC5B00FE1675 /* CalculatorDemoIOSUITests */,
			);
		};
/* End PBXProject section */

/* Begin PBXResourcesBuildPhase section */
		FF7248672615FC5800FE1675 /* Resources */ = {
			isa = PBXResourcesBuildPhase;
			buildActionMask = 2147483647;
			files = (
				FF7248792615FC5B00FE1675 /* LaunchScreen.storyboard in Resources */,
				FF7248762615FC5B00FE1675 /* Assets.xcassets in Resources */,
				FF7248742615FC5800FE1675 /* Main.storyboard in Resources */,
			);
			runOnlyForDeploymentPostprocessing = 0;
		};
		FF72487D2615FC5B00FE1675 /* Resources */ = {
			isa = PBXResourcesBuildPhase;
			buildActionMask = 2147483647;
			files = (
			);
			runOnlyForDeploymentPostprocessing = 0;
		};
		FF7248882615FC5B00FE1675 /* Resources */ = {
			isa = PBXResourcesBuildPhase;
			buildActionMask = 2147483647;
			files = (
			);
			runOnlyForDeploymentPostprocessing = 0;
		};
/* End PBXResourcesBuildPhase section */

/* Begin PBXShellScriptBuildPhase section */
		32A15B6B6EFE3A4E7071EC80 /* [CP] Embed Pods Frameworks */ = {
			isa = PBXShellScriptBuildPhase;
			buildActionMask = 2147483647;
			files = (
			);
			inputFileListPaths = (
				"${PODS_ROOT}/Target Support Files/Pods-CalculatorDemoIOS-CalculatorDemoIOSUITests/Pods-CalculatorDemoIOS-CalculatorDemoIOSUITests-frameworks-${CONFIGURATION}-input-files.xcfilelist",
			);
			name = "[CP] Embed Pods Frameworks";
			outputFileListPaths = (
				"${PODS_ROOT}/Target Support Files/Pods-CalculatorDemoIOS-CalculatorDemoIOSUITests/Pods-CalculatorDemoIOS-CalculatorDemoIOSUITests-frameworks-${CONFIGURATION}-output-files.xcfilelist",
			);
			runOnlyForDeploymentPostprocessing = 0;
			shellPath = /bin/sh;
			shellScript = "\"${PODS_ROOT}/Target Support Files/Pods-CalculatorDemoIOS-CalculatorDemoIOSUITests/Pods-CalculatorDemoIOS-CalculatorDemoIOSUITests-frameworks.sh\"\n";
			showEnvVarsInLog = 0;
		};
		453ADE2B335FD993E2045A3C /* [CP] Check Pods Manifest.lock */ = {
			isa = PBXShellScriptBuildPhase;
			buildActionMask = 2147483647;
			files = (
			);
			inputFileListPaths = (
			);
			inputPaths = (
				"${PODS_PODFILE_DIR_PATH}/Podfile.lock",
				"${PODS_ROOT}/Manifest.lock",
			);
			name = "[CP] Check Pods Manifest.lock";
			outputFileListPaths = (
			);
			outputPaths = (
				"$(DERIVED_FILE_DIR)/Pods-CalculatorDemoIOS-checkManifestLockResult.txt",
			);
			runOnlyForDeploymentPostprocessing = 0;
			shellPath = /bin/sh;
			shellScript = "diff \"${PODS_PODFILE_DIR_PATH}/Podfile.lock\" \"${PODS_ROOT}/Manifest.lock\" > /dev/null\nif [ $? != 0 ] ; then\n    # print error to STDERR\n    echo \"error: The sandbox is not in sync with the Podfile.lock. Run 'pod install' or update your CocoaPods installation.\" >&2\n    exit 1\nfi\n# This output is used by Xcode 'outputs' to avoid re-running this script phase.\necho \"SUCCESS\" > \"${SCRIPT_OUTPUT_FILE_0}\"\n";
			showEnvVarsInLog = 0;
		};
		48E7B8E47F99125D1C3A6D99 /* [CP] Check Pods Manifest.lock */ = {
			isa = PBXShellScriptBuildPhase;
			buildActionMask = 2147483647;
			files = (
			);
			inputFileListPaths = (
			);
			inputPaths = (
				"${PODS_PODFILE_DIR_PATH}/Podfile.lock",
				"${PODS_ROOT}/Manifest.lock",
			);
			name = "[CP] Check Pods Manifest.lock";
			outputFileListPaths = (
			);
			outputPaths = (
				"$(DERIVED_FILE_DIR)/Pods-CalculatorDemoIOS-CalculatorDemoIOSUITests-checkManifestLockResult.txt",
			);
			runOnlyForDeploymentPostprocessing = 0;
			shellPath = /bin/sh;
			shellScript = "diff \"${PODS_PODFILE_DIR_PATH}/Podfile.lock\" \"${PODS_ROOT}/Manifest.lock\" > /dev/null\nif [ $? != 0 ] ; then\n    # print error to STDERR\n    echo \"error: The sandbox is not in sync with the Podfile.lock. Run 'pod install' or update your CocoaPods installation.\" >&2\n    exit 1\nfi\n# This output is used by Xcode 'outputs' to avoid re-running this script phase.\necho \"SUCCESS\" > \"${SCRIPT_OUTPUT_FILE_0}\"\n";
			showEnvVarsInLog = 0;
		};
		C4B003421515CF05D3B21DF7 /* [CP] Check Pods Manifest.lock */ = {
			isa = PBXShellScriptBuildPhase;
			buildActionMask = 2147483647;
			files = (
			);
			inputFileListPaths = (
			);
			inputPaths = (
				"${PODS_PODFILE_DIR_PATH}/Podfile.lock",
				"${PODS_ROOT}/Manifest.lock",
			);
			name = "[CP] Check Pods Manifest.lock";
			outputFileListPaths = (
			);
			outputPaths = (
				"$(DERIVED_FILE_DIR)/Pods-CalculatorDemoIOSTests-checkManifestLockResult.txt",
			);
			runOnlyForDeploymentPostprocessing = 0;
			shellPath = /bin/sh;
			shellScript = "diff \"${PODS_PODFILE_DIR_PATH}/Podfile.lock\" \"${PODS_ROOT}/Manifest.lock\" > /dev/null\nif [ $? != 0 ] ; then\n    # print error to STDERR\n    echo \"error: The sandbox is not in sync with the Podfile.lock. Run 'pod install' or update your CocoaPods installation.\" >&2\n    exit 1\nfi\n# This output is used by Xcode 'outputs' to avoid re-running this script phase.\necho \"SUCCESS\" > \"${SCRIPT_OUTPUT_FILE_0}\"\n";
			showEnvVarsInLog = 0;
		};
		E1A1AC7496F44CB2475D2256 /* [CP] Embed Pods Frameworks */ = {
			isa = PBXShellScriptBuildPhase;
			buildActionMask = 2147483647;
			files = (
			);
			inputFileListPaths = (
				"${PODS_ROOT}/Target Support Files/Pods-CalculatorDemoIOS/Pods-CalculatorDemoIOS-frameworks-${CONFIGURATION}-input-files.xcfilelist",
			);
			name = "[CP] Embed Pods Frameworks";
			outputFileListPaths = (
				"${PODS_ROOT}/Target Support Files/Pods-CalculatorDemoIOS/Pods-CalculatorDemoIOS-frameworks-${CONFIGURATION}-output-files.xcfilelist",
			);
			runOnlyForDeploymentPostprocessing = 0;
			shellPath = /bin/sh;
			shellScript = "\"${PODS_ROOT}/Target Support Files/Pods-CalculatorDemoIOS/Pods-CalculatorDemoIOS-frameworks.sh\"\n";
			showEnvVarsInLog = 0;
		};
/* End PBXShellScriptBuildPhase section */

/* Begin PBXSourcesBuildPhase section */
		FF7248652615FC5800FE1675 /* Sources */ = {
			isa = PBXSourcesBuildPhase;
			buildActionMask = 2147483647;
			files = (
				FF7248712615FC5800FE1675 /* ViewController.swift in Sources */,
				FF72486D2615FC5800FE1675 /* AppDelegate.swift in Sources */,
				FF72486F2615FC5800FE1675 /* SceneDelegate.swift in Sources */,
			);
			runOnlyForDeploymentPostprocessing = 0;
		};
		FF72487B2615FC5B00FE1675 /* Sources */ = {
			isa = PBXSourcesBuildPhase;
			buildActionMask = 2147483647;
			files = (
				FF7248842615FC5B00FE1675 /* CalculatorDemoIOSTests.swift in Sources */,
			);
			runOnlyForDeploymentPostprocessing = 0;
		};
		FF7248862615FC5B00FE1675 /* Sources */ = {
			isa = PBXSourcesBuildPhase;
			buildActionMask = 2147483647;
			files = (
				FF72488F2615FC5B00FE1675 /* CalculatorDemoIOSUITests.swift in Sources */,
			);
			runOnlyForDeploymentPostprocessing = 0;
		};
/* End PBXSourcesBuildPhase section */

/* Begin PBXTargetDependency section */
		FF7248812615FC5B00FE1675 /* PBXTargetDependency */ = {
			isa = PBXTargetDependency;
			target = FF7248682615FC5800FE1675 /* CalculatorDemoIOS */;
			targetProxy = FF7248802615FC5B00FE1675 /* PBXContainerItemProxy */;
		};
		FF72488C2615FC5B00FE1675 /* PBXTargetDependency */ = {
			isa = PBXTargetDependency;
			target = FF7248682615FC5800FE1675 /* CalculatorDemoIOS */;
			targetProxy = FF72488B2615FC5B00FE1675 /* PBXContainerItemProxy */;
		};
/* End PBXTargetDependency section */

/* Begin PBXVariantGroup section */
		FF7248722615FC5800FE1675 /* Main.storyboard */ = {
			isa = PBXVariantGroup;
			children = (
				FF7248732615FC5800FE1675 /* Base */,
			);
			name = Main.storyboard;
			sourceTree = "<group>";
		};
		FF7248772615FC5B00FE1675 /* LaunchScreen.storyboard */ = {
			isa = PBXVariantGroup;
			children = (
				FF7248782615FC5B00FE1675 /* Base */,
			);
			name = LaunchScreen.storyboard;
			sourceTree = "<group>";
		};
/* End PBXVariantGroup section */

/* Begin XCBuildConfiguration section */
		FF7248912615FC5B00FE1675 /* Debug */ = {
			isa = XCBuildConfiguration;
			buildSettings = {
				ALWAYS_SEARCH_USER_PATHS = NO;
				CLANG_ANALYZER_NONNULL = YES;
				CLANG_ANALYZER_NUMBER_OBJECT_CONVERSION = YES_AGGRESSIVE;
				CLANG_CXX_LANGUAGE_STANDARD = "gnu++14";
				CLANG_CXX_LIBRARY = "libc++";
				CLANG_ENABLE_MODULES = YES;
				CLANG_ENABLE_OBJC_ARC = YES;
				CLANG_ENABLE_OBJC_WEAK = YES;
				CLANG_WARN_BLOCK_CAPTURE_AUTORELEASING = YES;
				CLANG_WARN_BOOL_CONVERSION = YES;
				CLANG_WARN_COMMA = YES;
				CLANG_WARN_CONSTANT_CONVERSION = YES;
				CLANG_WARN_DEPRECATED_OBJC_IMPLEMENTATIONS = YES;
				CLANG_WARN_DIRECT_OBJC_ISA_USAGE = YES_ERROR;
				CLANG_WARN_DOCUMENTATION_COMMENTS = YES;
				CLANG_WARN_EMPTY_BODY = YES;
				CLANG_WARN_ENUM_CONVERSION = YES;
				CLANG_WARN_INFINITE_RECURSION = YES;
				CLANG_WARN_INT_CONVERSION = YES;
				CLANG_WARN_NON_LITERAL_NULL_CONVERSION = YES;
				CLANG_WARN_OBJC_IMPLICIT_RETAIN_SELF = YES;
				CLANG_WARN_OBJC_LITERAL_CONVERSION = YES;
				CLANG_WARN_OBJC_ROOT_CLASS = YES_ERROR;
				CLANG_WARN_QUOTED_INCLUDE_IN_FRAMEWORK_HEADER = YES;
				CLANG_WARN_RANGE_LOOP_ANALYSIS = YES;
				CLANG_WARN_STRICT_PROTOTYPES = YES;
				CLANG_WARN_SUSPICIOUS_MOVE = YES;
				CLANG_WARN_UNGUARDED_AVAILABILITY = YES_AGGRESSIVE;
				CLANG_WARN_UNREACHABLE_CODE = YES;
				CLANG_WARN__DUPLICATE_METHOD_MATCH = YES;
				COPY_PHASE_STRIP = NO;
				DEBUG_INFORMATION_FORMAT = dwarf;
				ENABLE_STRICT_OBJC_MSGSEND = YES;
				ENABLE_TESTABILITY = YES;
				GCC_C_LANGUAGE_STANDARD = gnu11;
				GCC_DYNAMIC_NO_PIC = NO;
				GCC_NO_COMMON_BLOCKS = YES;
				GCC_OPTIMIZATION_LEVEL = 0;
				GCC_PREPROCESSOR_DEFINITIONS = (
					"DEBUG=1",
					"$(inherited)",
				);
				GCC_WARN_64_TO_32_BIT_CONVERSION = YES;
				GCC_WARN_ABOUT_RETURN_TYPE = YES_ERROR;
				GCC_WARN_UNDECLARED_SELECTOR = YES;
				GCC_WARN_UNINITIALIZED_AUTOS = YES_AGGRESSIVE;
				GCC_WARN_UNUSED_FUNCTION = YES;
				GCC_WARN_UNUSED_VARIABLE = YES;
				IPHONEOS_DEPLOYMENT_TARGET = 14.4;
				MTL_ENABLE_DEBUG_INFO = INCLUDE_SOURCE;
				MTL_FAST_MATH = YES;
				ONLY_ACTIVE_ARCH = YES;
				SDKROOT = iphoneos;
				SWIFT_ACTIVE_COMPILATION_CONDITIONS = DEBUG;
				SWIFT_OPTIMIZATION_LEVEL = "-Onone";
			};
			name = Debug;
		};
		FF7248922615FC5B00FE1675 /* Release */ = {
			isa = XCBuildConfiguration;
			buildSettings = {
				ALWAYS_SEARCH_USER_PATHS = NO;
				CLANG_ANALYZER_NONNULL = YES;
				CLANG_ANALYZER_NUMBER_OBJECT_CONVERSION = YES_AGGRESSIVE;
				CLANG_CXX_LANGUAGE_STANDARD = "gnu++14";
				CLANG_CXX_LIBRARY = "libc++";
				CLANG_ENABLE_MODULES = YES;
				CLANG_ENABLE_OBJC_ARC = YES;
				CLANG_ENABLE_OBJC_WEAK = YES;
				CLANG_WARN_BLOCK_CAPTURE_AUTORELEASING = YES;
				CLANG_WARN_BOOL_CONVERSION = YES;
				CLANG_WARN_COMMA = YES;
				CLANG_WARN_CONSTANT_CONVERSION = YES;
				CLANG_WARN_DEPRECATED_OBJC_IMPLEMENTATIONS = YES;
				CLANG_WARN_DIRECT_OBJC_ISA_USAGE = YES_ERROR;
				CLANG_WARN_DOCUMENTATION_COMMENTS = YES;
				CLANG_WARN_EMPTY_BODY = YES;
				CLANG_WARN_ENUM_CONVERSION = YES;
				CLANG_WARN_INFINITE_RECURSION = YES;
				CLANG_WARN_INT_CONVERSION = YES;
				CLANG_WARN_NON_LITERAL_NULL_CONVERSION = YES;
				CLANG_WARN_OBJC_IMPLICIT_RETAIN_SELF = YES;
				CLANG_WARN_OBJC_LITERAL_CONVERSION = YES;
				CLANG_WARN_OBJC_ROOT_CLASS = YES_ERROR;
				CLANG_WARN_QUOTED_INCLUDE_IN_FRAMEWORK_HEADER = YES;
				CLANG_WARN_RANGE_LOOP_ANALYSIS = YES;
				CLANG_WARN_STRICT_PROTOTYPES = YES;
				CLANG_WARN_SUSPICIOUS_MOVE = YES;
				CLANG_WARN_UNGUARDED_AVAILABILITY = YES_AGGRESSIVE;
				CLANG_WARN_UNREACHABLE_CODE = YES;
				CLANG_WARN__DUPLICATE_METHOD_MATCH = YES;
				COPY_PHASE_STRIP = NO;
				DEBUG_INFORMATION_FORMAT = "dwarf-with-dsym";
				ENABLE_NS_ASSERTIONS = NO;
				ENABLE_STRICT_OBJC_MSGSEND = YES;
				GCC_C_LANGUAGE_STANDARD = gnu11;
				GCC_NO_COMMON_BLOCKS = YES;
				GCC_WARN_64_TO_32_BIT_CONVERSION = YES;
				GCC_WARN_ABOUT_RETURN_TYPE = YES_ERROR;
				GCC_WARN_UNDECLARED_SELECTOR = YES;
				GCC_WARN_UNINITIALIZED_AUTOS = YES_AGGRESSIVE;
				GCC_WARN_UNUSED_FUNCTION = YES;
				GCC_WARN_UNUSED_VARIABLE = YES;
				IPHONEOS_DEPLOYMENT_TARGET = 14.4;
				MTL_ENABLE_DEBUG_INFO = NO;
				MTL_FAST_MATH = YES;
				SDKROOT = iphoneos;
				SWIFT_COMPILATION_MODE = wholemodule;
				SWIFT_OPTIMIZATION_LEVEL = "-O";
				VALIDATE_PRODUCT = YES;
			};
			name = Release;
		};
		FF7248942615FC5B00FE1675 /* Debug */ = {
			isa = XCBuildConfiguration;
			baseConfigurationReference = F3763E4B1DA462CBE708F3C2 /* Pods-CalculatorDemoIOS.debug.xcconfig */;
			buildSettings = {
				ASSETCATALOG_COMPILER_APPICON_NAME = AppIcon;
				ASSETCATALOG_COMPILER_GLOBAL_ACCENT_COLOR_NAME = AccentColor;
				CODE_SIGN_STYLE = Automatic;
				DEVELOPMENT_TEAM = HT46X4SNBR;
				INFOPLIST_FILE = CalculatorDemoIOS/Info.plist;
				LD_RUNPATH_SEARCH_PATHS = (
					"$(inherited)",
					"@executable_path/Frameworks",
				);
				PRODUCT_BUNDLE_IDENTIFIER = com.LearnIOS.CalculatorDemoIOS;
				PRODUCT_NAME = "$(TARGET_NAME)";
				SWIFT_VERSION = 5.0;
				TARGETED_DEVICE_FAMILY = "1,2";
			};
			name = Debug;
		};
		FF7248952615FC5B00FE1675 /* Release */ = {
			isa = XCBuildConfiguration;
			baseConfigurationReference = 41AFE4DC8934EA720ADCA57B /* Pods-CalculatorDemoIOS.release.xcconfig */;
			buildSettings = {
				ASSETCATALOG_COMPILER_APPICON_NAME = AppIcon;
				ASSETCATALOG_COMPILER_GLOBAL_ACCENT_COLOR_NAME = AccentColor;
				CODE_SIGN_STYLE = Automatic;
				DEVELOPMENT_TEAM = HT46X4SNBR;
				INFOPLIST_FILE = CalculatorDemoIOS/Info.plist;
				LD_RUNPATH_SEARCH_PATHS = (
					"$(inherited)",
					"@executable_path/Frameworks",
				);
				PRODUCT_BUNDLE_IDENTIFIER = com.LearnIOS.CalculatorDemoIOS;
				PRODUCT_NAME = "$(TARGET_NAME)";
				SWIFT_VERSION = 5.0;
				TARGETED_DEVICE_FAMILY = "1,2";
			};
			name = Release;
		};
		FF7248972615FC5B00FE1675 /* Debug */ = {
			isa = XCBuildConfiguration;
			baseConfigurationReference = F4EC5C7291C6D941214A9555 /* Pods-CalculatorDemoIOSTests.debug.xcconfig */;
			buildSettings = {
				ALWAYS_EMBED_SWIFT_STANDARD_LIBRARIES = YES;
				BUNDLE_LOADER = "$(TEST_HOST)";
				CODE_SIGN_STYLE = Automatic;
				DEVELOPMENT_TEAM = HT46X4SNBR;
				INFOPLIST_FILE = CalculatorDemoIOSTests/Info.plist;
				IPHONEOS_DEPLOYMENT_TARGET = 14.4;
				LD_RUNPATH_SEARCH_PATHS = (
					"$(inherited)",
					"@executable_path/Frameworks",
					"@loader_path/Frameworks",
				);
				PRODUCT_BUNDLE_IDENTIFIER = com.LearnIOS.CalculatorDemoIOSTests;
				PRODUCT_NAME = "$(TARGET_NAME)";
				SWIFT_VERSION = 5.0;
				TARGETED_DEVICE_FAMILY = "1,2";
				TEST_HOST = "$(BUILT_PRODUCTS_DIR)/CalculatorDemoIOS.app/CalculatorDemoIOS";
			};
			name = Debug;
		};
		FF7248982615FC5B00FE1675 /* Release */ = {
			isa = XCBuildConfiguration;
			baseConfigurationReference = 838DE201071D75E4DF772012 /* Pods-CalculatorDemoIOSTests.release.xcconfig */;
			buildSettings = {
				ALWAYS_EMBED_SWIFT_STANDARD_LIBRARIES = YES;
				BUNDLE_LOADER = "$(TEST_HOST)";
				CODE_SIGN_STYLE = Automatic;
				DEVELOPMENT_TEAM = HT46X4SNBR;
				INFOPLIST_FILE = CalculatorDemoIOSTests/Info.plist;
				IPHONEOS_DEPLOYMENT_TARGET = 14.4;
				LD_RUNPATH_SEARCH_PATHS = (
					"$(inherited)",
					"@executable_path/Frameworks",
					"@loader_path/Frameworks",
				);
				PRODUCT_BUNDLE_IDENTIFIER = com.LearnIOS.CalculatorDemoIOSTests;
				PRODUCT_NAME = "$(TARGET_NAME)";
				SWIFT_VERSION = 5.0;
				TARGETED_DEVICE_FAMILY = "1,2";
				TEST_HOST = "$(BUILT_PRODUCTS_DIR)/CalculatorDemoIOS.app/CalculatorDemoIOS";
			};
			name = Release;
		};
		FF72489A2615FC5B00FE1675 /* Debug */ = {
			isa = XCBuildConfiguration;
			baseConfigurationReference = 70C3C4F700052C41119B7B5B /* Pods-CalculatorDemoIOS-CalculatorDemoIOSUITests.debug.xcconfig */;
			buildSettings = {
				ALWAYS_EMBED_SWIFT_STANDARD_LIBRARIES = YES;
				CODE_SIGN_STYLE = Automatic;
				DEVELOPMENT_TEAM = HT46X4SNBR;
				INFOPLIST_FILE = CalculatorDemoIOSUITests/Info.plist;
				LD_RUNPATH_SEARCH_PATHS = (
					"$(inherited)",
					"@executable_path/Frameworks",
					"@loader_path/Frameworks",
				);
				PRODUCT_BUNDLE_IDENTIFIER = com.LearnIOS.CalculatorDemoIOSUITests;
				PRODUCT_NAME = "$(TARGET_NAME)";
				SWIFT_VERSION = 5.0;
				TARGETED_DEVICE_FAMILY = "1,2";
				TEST_TARGET_NAME = CalculatorDemoIOS;
			};
			name = Debug;
		};
		FF72489B2615FC5B00FE1675 /* Release */ = {
			isa = XCBuildConfiguration;
			baseConfigurationReference = 362E40FE3EDC02A3C4AB4769 /* Pods-CalculatorDemoIOS-CalculatorDemoIOSUITests.release.xcconfig */;
			buildSettings = {
				ALWAYS_EMBED_SWIFT_STANDARD_LIBRARIES = YES;
				CODE_SIGN_STYLE = Automatic;
				DEVELOPMENT_TEAM = HT46X4SNBR;
				INFOPLIST_FILE = CalculatorDemoIOSUITests/Info.plist;
				LD_RUNPATH_SEARCH_PATHS = (
					"$(inherited)",
					"@executable_path/Frameworks",
					"@loader_path/Frameworks",
				);
				PRODUCT_BUNDLE_IDENTIFIER = com.LearnIOS.CalculatorDemoIOSUITests;
				PRODUCT_NAME = "$(TARGET_NAME)";
				SWIFT_VERSION = 5.0;
				TARGETED_DEVICE_FAMILY = "1,2";
				TEST_TARGET_NAME = CalculatorDemoIOS;
			};
			name = Release;
		};
/* End XCBuildConfiguration section */

/* Begin XCConfigurationList section */
		FF7248642615FC5800FE1675 /* Build configuration list for PBXProject "CalculatorDemoIOS" */ = {
			isa = XCConfigurationList;
			buildConfigurations = (
				FF7248912615FC5B00FE1675 /* Debug */,
				FF7248922615FC5B00FE1675 /* Release */,
			);
			defaultConfigurationIsVisible = 0;
			defaultConfigurationName = Release;
		};
		FF7248932615FC5B00FE1675 /* Build configuration list for PBXNativeTarget "CalculatorDemoIOS" */ = {
			isa = XCConfigurationList;
			buildConfigurations = (
				FF7248942615FC5B00FE1675 /* Debug */,
				FF7248952615FC5B00FE1675 /* Release */,
			);
			defaultConfigurationIsVisible = 0;
			defaultConfigurationName = Release;
		};
		FF7248962615FC5B00FE1675 /* Build configuration list for PBXNativeTarget "CalculatorDemoIOSTests" */ = {
			isa = XCConfigurationList;
			buildConfigurations = (
				FF7248972615FC5B00FE1675 /* Debug */,
				FF7248982615FC5B00FE1675 /* Release */,
			);
			defaultConfigurationIsVisible = 0;
			defaultConfigurationName = Release;
		};
		FF7248992615FC5B00FE1675 /* Build configuration list for PBXNativeTarget "CalculatorDemoIOSUITests" */ = {
			isa = XCConfigurationList;
			buildConfigurations = (
				FF72489A2615FC5B00FE1675 /* Debug */,
				FF72489B2615FC5B00FE1675 /* Release */,
			);
			defaultConfigurationIsVisible = 0;
			defaultConfigurationName = Release;
		};
/* End XCConfigurationList section */
	};
	rootObject = FF7248612615FC5800FE1675 /* Project object */;
}
